
Microsoft Visual Studio Solution File, Format Version 12.00
# Visual Studio 14
VisualStudioVersion = 14.0.25420.1
MinimumVisualStudioVersion = 10.0.40219.1
Project("{FAE04EC0-301F-11D3-BF4B-00C04F79EFBC}") = "Jobbr.Server.WebAPI", "Jobbr.Server.WebAPI\Jobbr.Server.WebAPI.csproj", "{B158F9AD-5480-4415-9BCE-8D8663C3F3C0}"
EndProject
Project("{FAE04EC0-301F-11D3-BF4B-00C04F79EFBC}") = "Jobbr.WebAPI.Common", "Jobbr.WebAPI.Common\Jobbr.WebAPI.Common.csproj", "{A2477520-351E-4429-8F75-BE728382C2A5}"
EndProject
Project("{FAE04EC0-301F-11D3-BF4B-00C04F79EFBC}") = "Jobbr.Client", "Jobbr.Client\Jobbr.Client.csproj", "{79CF40B0-F063-4CA7-826B-7C92C0BE8232}"
EndProject
Project("{FAE04EC0-301F-11D3-BF4B-00C04F79EFBC}") = "Jobbr.WebApi.Tests", "Jobbr.WebApi.Tests\Jobbr.WebApi.Tests.csproj", "{CB3FE911-7034-471C-A2D7-CB89842423FC}"
EndProject
Project("{2150E333-8FDC-42A3-9474-1A3956D46DE8}") = "build", "build", "{DE622AEC-8921-456F-8E2E-0A459F9BDA28}"
	ProjectSection(SolutionItems) = preProject
		..\appveyor.yml = ..\appveyor.yml
		..\GitVersion.yml = ..\GitVersion.yml
		..\internalize_exclude.txt = ..\internalize_exclude.txt
		Jobbr.Client.nuspec = Jobbr.Client.nuspec
		Jobbr.Server.WebAPI.nuspec = Jobbr.Server.WebAPI.nuspec
	EndProjectSection
EndProject
Global
	GlobalSection(SolutionConfigurationPlatforms) = preSolution
		Debug|Any CPU = Debug|Any CPU
		Release|Any CPU = Release|Any CPU
	EndGlobalSection
	GlobalSection(ProjectConfigurationPlatforms) = postSolution
		{B158F9AD-5480-4415-9BCE-8D8663C3F3C0}.Debug|Any CPU.ActiveCfg = Debug|Any CPU
		{B158F9AD-5480-4415-9BCE-8D8663C3F3C0}.Debug|Any CPU.Build.0 = Debug|Any CPU
		{B158F9AD-5480-4415-9BCE-8D8663C3F3C0}.Release|Any CPU.ActiveCfg = Release|Any CPU
		{B158F9AD-5480-4415-9BCE-8D8663C3F3C0}.Release|Any CPU.Build.0 = Release|Any CPU
		{A2477520-351E-4429-8F75-BE728382C2A5}.Debug|Any CPU.ActiveCfg = Debug|Any CPU
		{A2477520-351E-4429-8F75-BE728382C2A5}.Debug|Any CPU.Build.0 = Debug|Any CPU
		{A2477520-351E-4429-8F75-BE728382C2A5}.Release|Any CPU.ActiveCfg = Release|Any CPU
		{A2477520-351E-4429-8F75-BE728382C2A5}.Release|Any CPU.Build.0 = Release|Any CPU
		{79CF40B0-F063-4CA7-826B-7C92C0BE8232}.Debug|Any CPU.ActiveCfg = Debug|Any CPU
		{79CF40B0-F063-4CA7-826B-7C92C0BE8232}.Debug|Any CPU.Build.0 = Debug|Any CPU
		{79CF40B0-F063-4CA7-826B-7C92C0BE8232}.Release|Any CPU.ActiveCfg = Release|Any CPU
		{79CF40B0-F063-4CA7-826B-7C92C0BE8232}.Release|Any CPU.Build.0 = Release|Any CPU
		{CB3FE911-7034-471C-A2D7-CB89842423FC}.Debug|Any CPU.ActiveCfg = Debug|Any CPU
		{CB3FE911-7034-471C-A2D7-CB89842423FC}.Debug|Any CPU.Build.0 = Debug|Any CPU
		{CB3FE911-7034-471C-A2D7-CB89842423FC}.Release|Any CPU.ActiveCfg = Release|Any CPU
		{CB3FE911-7034-471C-A2D7-CB89842423FC}.Release|Any CPU.Build.0 = Release|Any CPU
	EndGlobalSection
	GlobalSection(SolutionProperties) = preSolution
		HideSolutionNode = FALSE
	EndGlobalSection
EndGlobal
